
Microsoft Visual Studio Solution File, Format Version 12.00
# Visual Studio 15
VisualStudioVersion = 15.0.27130.2024
MinimumVisualStudioVersion = 10.0.40219.1
Project("{FAE04EC0-301F-11D3-BF4B-00C04F79EFBC}") = "Patterns - Factory", "Patterns - Factory\Patterns - Factory.csproj", "{B023A7DA-6705-447B-8030-86702FD23A60}"
EndProject
Global
	GlobalSection(SolutionConfigurationPlatforms) = preSolution
		Debug|Any CPU = Debug|Any CPU
		Release|Any CPU = Release|Any CPU
	EndGlobalSection
	GlobalSection(ProjectConfigurationPlatforms) = postSolution
		{B023A7DA-6705-447B-8030-86702FD23A60}.Debug|Any CPU.ActiveCfg = Debug|Any CPU
		{B023A7DA-6705-447B-8030-86702FD23A60}.Debug|Any CPU.Build.0 = Debug|Any CPU
		{B023A7DA-6705-447B-8030-86702FD23A60}.Release|Any CPU.ActiveCfg = Release|Any CPU
		{B023A7DA-6705-447B-8030-86702FD23A60}.Release|Any CPU.Build.0 = Release|Any CPU
	EndGlobalSection
	GlobalSection(SolutionProperties) = preSolution
		HideSolutionNode = FALSE
	EndGlobalSection
	GlobalSection(ExtensibilityGlobals) = postSolution
		SolutionGuid = {2FC15F82-E0FE-4F3F-8CEB-DC89D712EE4F}
	EndGlobalSection
EndGlobal
